
Microsoft Visual Studio Solution File, Format Version 12.00
# Visual Studio 15
VisualStudioVersion = 15.0.27004.2005
MinimumVisualStudioVersion = 10.0.40219.1
Project("{FAE04EC0-301F-11D3-BF4B-00C04F79EFBC}") = "Ylesanne3", "Ylesanne3\Ylesanne3.csproj", "{901F9C0C-419C-4B9B-8470-C632AB574A68}"
EndProject
Global
	GlobalSection(SolutionConfigurationPlatforms) = preSolution
		Debug|Any CPU = Debug|Any CPU
		Release|Any CPU = Release|Any CPU
	EndGlobalSection
	GlobalSection(ProjectConfigurationPlatforms) = postSolution
		{901F9C0C-419C-4B9B-8470-C632AB574A68}.Debug|Any CPU.ActiveCfg = Debug|Any CPU
		{901F9C0C-419C-4B9B-8470-C632AB574A68}.Debug|Any CPU.Build.0 = Debug|Any CPU
		{901F9C0C-419C-4B9B-8470-C632AB574A68}.Release|Any CPU.ActiveCfg = Release|Any CPU
		{901F9C0C-419C-4B9B-8470-C632AB574A68}.Release|Any CPU.Build.0 = Release|Any CPU
	EndGlobalSection
	GlobalSection(SolutionProperties) = preSolution
		HideSolutionNode = FALSE
	EndGlobalSection
	GlobalSection(ExtensibilityGlobals) = postSolution
		SolutionGuid = {133BAB91-7A88-426A-82CB-958DACEE7402}
	EndGlobalSection
EndGlobal
